<?xml version="1.0" encoding="utf-8"?>
<Project ToolsVersion="4.0" xmlns="http://schemas.microsoft.com/developer/msbuild/2003">
  <ItemGroup>
    <Filter Include="Source Files">
      <UniqueIdentifier>{4FC737F1-C7A5-4376-A066-2A32D752A2FF}</UniqueIdentifier>
      <Extensions>cpp;c;cc;cxx;def;odl;idl;hpj;bat;asm;asmx</Extensions>
    </Filter>
    <Filter Include="Header Files">
      <UniqueIdentifier>{527b3491-2ee2-474d-863f-2d21b7abb958}</UniqueIdentifier>
      <Extensions>h;hh;hpp;hxx;hm;inl;inc;xsd</Extensions>
    </Filter>
    <Filter Include="Resource Files">
      <UniqueIdentifier>{d3963385-0917-43df-9813-3cd79d80d4d0}</UniqueIdentifier>
    </Filter>
    <Filter Include="Resource Files\Examples">
      <UniqueIdentifier>{1af1f49c-694a-4143-b7a4-9a6805a2385c}</UniqueIdentifier>
    </Filter>
  </ItemGroup>
  <ItemGroup>
    <ClCompile Include="dllmain.cpp">
      <Filter>Source Files</Filter>
    </ClCompile>
    <ClCompile Include="BlitzPointer.cpp">
      <Filter>Source Files</Filter>
    </ClCompile>
    <ClCompile Include="MemoryHelpers.cpp">
      <Filter>Source Files</Filter>
    </ClCompile>
  </ItemGroup>
  <ItemGroup>
    <ClInclude Include="BlitzPointer.h">
      <Filter>Header Files</Filter>
    </ClInclude>
    <ClInclude Include="dllmain.h">
      <Filter>Header Files</Filter>
    </ClInclude>
  </ItemGroup>
  <ItemGroup>
    <None Include="Resources\BlitzPointer.decls">
      <Filter>Resource Files</Filter>
    </None>
    <None Include="Resources\LICENSE">
      <Filter>Resource Files</Filter>
    </None>
    <None Include="Resources\LICENSE.lesser">
      <Filter>Resource Files</Filter>
    </None>
    <None Include="Resources\Examples\Example04.bb">
      <Filter>Resource Files\Examples</Filter>
    </None>
    <None Include="Resources\Examples\Example05.bb">
      <Filter>Resource Files\Examples</Filter>
    </None>
    <None Include="Resources\Examples\Example06.bb">
      <Filter>Resource Files\Examples</Filter>
    </None>
    <None Include="Resources\Examples\Example07.bb">
      <Filter>Resource Files\Examples</Filter>
    </None>
    <None Include="Resources\Examples\Example08.bb">
      <Filter>Resource Files\Examples</Filter>
    </None>
    <None Include="Resources\Examples\BlitzPointer.ipf">
      <Filter>Resource Files\Examples</Filter>
    </None>
    <None Include="Resources\Examples\Example_Shared.bb">
      <Filter>Resource Files\Examples</Filter>
    </None>
    <None Include="Resources\Examples\Example01.bb">
      <Filter>Resource Files\Examples</Filter>
    </None>
    <None Include="Resources\Examples\Example02.bb">
      <Filter>Resource Files\Examples</Filter>
    </None>
    <None Include="Resources\Examples\Example03.bb">
      <Filter>Resource Files\Examples</Filter>
    </None>
  </ItemGroup>
</Project>